
Microsoft Visual Studio Solution File, Format Version 12.00
# Visual Studio Version 17
VisualStudioVersion = 17.14.36109.1
MinimumVisualStudioVersion = 10.0.40219.1
Project("{FAE04EC0-301F-11D3-BF4B-00C04F79EFBC}") = "Restaurants_API", "Restaurants_API.csproj", "{A7E4E562-28B8-4F73-B165-450EA2563635}"
EndProject
Project("{FAE04EC0-301F-11D3-BF4B-00C04F79EFBC}") = "Restaurants.Domain", "..\Restaurants.Domain\Restaurants.Domain.csproj", "{B99C8B86-595A-41E8-8EB0-CFAD71B28266}"
EndProject
Project("{FAE04EC0-301F-11D3-BF4B-00C04F79EFBC}") = "Restaurants.Application", "..\Restaurants.Application\Restaurants.Application.csproj", "{3FDD3CDF-1282-4924-BA6C-C32B299CB253}"
EndProject
Project("{FAE04EC0-301F-11D3-BF4B-00C04F79EFBC}") = "Restaurants.Infrastructure", "..\Restaurants.Infrastructure\Restaurants.Infrastructure.csproj", "{1BDCAEA1-746B-4A8C-A9FB-085B93DB7124}"
EndProject
Global
	GlobalSection(SolutionConfigurationPlatforms) = preSolution
		Debug|Any CPU = Debug|Any CPU
		Release|Any CPU = Release|Any CPU
	EndGlobalSection
	GlobalSection(ProjectConfigurationPlatforms) = postSolution
		{A7E4E562-28B8-4F73-B165-450EA2563635}.Debug|Any CPU.ActiveCfg = Debug|Any CPU
		{A7E4E562-28B8-4F73-B165-450EA2563635}.Debug|Any CPU.Build.0 = Debug|Any CPU
		{A7E4E562-28B8-4F73-B165-450EA2563635}.Release|Any CPU.ActiveCfg = Release|Any CPU
		{A7E4E562-28B8-4F73-B165-450EA2563635}.Release|Any CPU.Build.0 = Release|Any CPU
		{B99C8B86-595A-41E8-8EB0-CFAD71B28266}.Debug|Any CPU.ActiveCfg = Debug|Any CPU
		{B99C8B86-595A-41E8-8EB0-CFAD71B28266}.Debug|Any CPU.Build.0 = Debug|Any CPU
		{B99C8B86-595A-41E8-8EB0-CFAD71B28266}.Release|Any CPU.ActiveCfg = Release|Any CPU
		{B99C8B86-595A-41E8-8EB0-CFAD71B28266}.Release|Any CPU.Build.0 = Release|Any CPU
		{3FDD3CDF-1282-4924-BA6C-C32B299CB253}.Debug|Any CPU.ActiveCfg = Debug|Any CPU
		{3FDD3CDF-1282-4924-BA6C-C32B299CB253}.Debug|Any CPU.Build.0 = Debug|Any CPU
		{3FDD3CDF-1282-4924-BA6C-C32B299CB253}.Release|Any CPU.ActiveCfg = Release|Any CPU
		{3FDD3CDF-1282-4924-BA6C-C32B299CB253}.Release|Any CPU.Build.0 = Release|Any CPU
		{1BDCAEA1-746B-4A8C-A9FB-085B93DB7124}.Debug|Any CPU.ActiveCfg = Debug|Any CPU
		{1BDCAEA1-746B-4A8C-A9FB-085B93DB7124}.Debug|Any CPU.Build.0 = Debug|Any CPU
		{1BDCAEA1-746B-4A8C-A9FB-085B93DB7124}.Release|Any CPU.ActiveCfg = Release|Any CPU
		{1BDCAEA1-746B-4A8C-A9FB-085B93DB7124}.Release|Any CPU.Build.0 = Release|Any CPU
	EndGlobalSection
	GlobalSection(SolutionProperties) = preSolution
		HideSolutionNode = FALSE
	EndGlobalSection
	GlobalSection(ExtensibilityGlobals) = postSolution
		SolutionGuid = {F68CCC3E-17A3-4CF1-BC0E-6BA855F852B0}
	EndGlobalSection
EndGlobal
